// !$*UTF8*$!
{
	archiveVersion = 1;
	classes = {
	};
	objectVersion = 46;
	objects = {

/* Begin PBXBuildFile section */
		3F0790E11E3543E0002ED1CC /* DiceGame.swift in Sources */ = {isa = PBXBuildFile; fileRef = 3F0790E01E3543E0002ED1CC /* DiceGame.swift */; };
		3F6868DC1E2FDC8A001160A3 /* playerClass.swift in Sources */ = {isa = PBXBuildFile; fileRef = 3F6868DB1E2FDC8A001160A3 /* playerClass.swift */; };
		3FB6D86A1E316D02006DE8B4 /* diceClass.swift in Sources */ = {isa = PBXBuildFile; fileRef = 3FB6D8691E316D02006DE8B4 /* diceClass.swift */; };
		3FC551E11E2D5852009D9F95 /* main.swift in Sources */ = {isa = PBXBuildFile; fileRef = 3FC551E01E2D5852009D9F95 /* main.swift */; };
/* End PBXBuildFile section */

/* Begin PBXCopyFilesBuildPhase section */
		3FC551DB1E2D5850009D9F95 /* CopyFiles */ = {
			isa = PBXCopyFilesBuildPhase;
			buildActionMask = 2147483647;
			dstPath = /usr/share/man/man1/;
			dstSubfolderSpec = 0;
			files = (
			);
			runOnlyForDeploymentPostprocessing = 1;
		};
/* End PBXCopyFilesBuildPhase section */

/* Begin PBXFileReference section */
		3F0790E01E3543E0002ED1CC /* DiceGame.swift */ = {isa = PBXFileReference; fileEncoding = 4; lastKnownFileType = sourcecode.swift; path = DiceGame.swift; sourceTree = "<group>"; };
		3F6868DB1E2FDC8A001160A3 /* playerClass.swift */ = {isa = PBXFileReference; fileEncoding = 4; lastKnownFileType = sourcecode.swift; path = playerClass.swift; sourceTree = "<group>"; };
		3FB6D8691E316D02006DE8B4 /* diceClass.swift */ = {isa = PBXFileReference; fileEncoding = 4; lastKnownFileType = sourcecode.swift; path = diceClass.swift; sourceTree = "<group>"; };
		3FC551DD1E2D5852009D9F95 /* DiceGame */ = {isa = PBXFileReference; explicitFileType = "compiled.mach-o.executable"; includeInIndex = 0; path = DiceGame; sourceTree = BUILT_PRODUCTS_DIR; };
		3FC551E01E2D5852009D9F95 /* main.swift */ = {isa = PBXFileReference; lastKnownFileType = sourcecode.swift; path = main.swift; sourceTree = "<group>"; };
		3FD8438B1E3D8D3C003CE0BE /* README.rtf */ = {isa = PBXFileReference; fileEncoding = 4; lastKnownFileType = text.rtf; name = README.rtf; path = DiceGame/README.rtf; sourceTree = "<group>"; };
/* End PBXFileReference section */

/* Begin PBXFrameworksBuildPhase section */
		3FC551DA1E2D5850009D9F95 /* Frameworks */ = {
			isa = PBXFrameworksBuildPhase;
			buildActionMask = 2147483647;
			files = (
			);
			runOnlyForDeploymentPostprocessing = 0;
		};
/* End PBXFrameworksBuildPhase section */

/* Begin PBXGroup section */
		3FC551D41E2D584F009D9F95 = {
			isa = PBXGroup;
			children = (
				3FD8438B1E3D8D3C003CE0BE /* README.rtf */,
				3FC551DF1E2D5852009D9F95 /* DiceGame */,
				3FC551DE1E2D5852009D9F95 /* Products */,
			);
			sourceTree = "<group>";
		};
		3FC551DE1E2D5852009D9F95 /* Products */ = {
			isa = PBXGroup;
			children = (
				3FC551DD1E2D5852009D9F95 /* DiceGame */,
			);
			name = Products;
			sourceTree = "<group>";
		};
		3FC551DF1E2D5852009D9F95 /* DiceGame */ = {
			isa = PBXGroup;
			children = (
				3FC551E01E2D5852009D9F95 /* main.swift */,
				3F0790E01E3543E0002ED1CC /* DiceGame.swift */,
				3F6868DB1E2FDC8A001160A3 /* playerClass.swift */,
				3FB6D8691E316D02006DE8B4 /* diceClass.swift */,
			);
			path = DiceGame;
			sourceTree = "<group>";
		};
/* End PBXGroup section */

/* Begin PBXNativeTarget section */
		3FC551DC1E2D5850009D9F95 /* DiceGame */ = {
			isa = PBXNativeTarget;
			buildConfigurationList = 3FC551E41E2D5852009D9F95 /* Build configuration list for PBXNativeTarget "DiceGame" */;
			buildPhases = (
				3FC551D91E2D5850009D9F95 /* Sources */,
				3FC551DA1E2D5850009D9F95 /* Frameworks */,
				3FC551DB1E2D5850009D9F95 /* CopyFiles */,
			);
			buildRules = (
			);
			dependencies = (
			);
			name = DiceGame;
			productName = DiceGame;
			productReference = 3FC551DD1E2D5852009D9F95 /* DiceGame */;
			productType = "com.apple.product-type.tool";
		};
/* End PBXNativeTarget section */

/* Begin PBXProject section */
		3FC551D51E2D584F009D9F95 /* Project object */ = {
			isa = PBXProject;
			attributes = {
				LastSwiftUpdateCheck = 0810;
				LastUpgradeCheck = 0810;
				ORGANIZATIONNAME = "Clutch Design Solutions";
				TargetAttributes = {
					3FC551DC1E2D5850009D9F95 = {
						CreatedOnToolsVersion = 8.1;
						ProvisioningStyle = Automatic;
					};
				};
			};
			buildConfigurationList = 3FC551D81E2D584F009D9F95 /* Build configuration list for PBXProject "DiceGame" */;
			compatibilityVersion = "Xcode 3.2";
			developmentRegion = English;
			hasScannedForEncodings = 0;
			knownRegions = (
				en,
			);
			mainGroup = 3FC551D41E2D584F009D9F95;
			productRefGroup = 3FC551DE1E2D5852009D9F95 /* Products */;
			projectDirPath = "";
			projectRoot = "";
			targets = (
				3FC551DC1E2D5850009D9F95 /* DiceGame */,
			);
		};
/* End PBXProject section */

/* Begin PBXSourcesBuildPhase section */
		3FC551D91E2D5850009D9F95 /* Sources */ = {
			isa = PBXSourcesBuildPhase;
			buildActionMask = 2147483647;
			files = (
				3F0790E11E3543E0002ED1CC /* DiceGame.swift in Sources */,
				3FC551E11E2D5852009D9F95 /* main.swift in Sources */,
				3FB6D86A1E316D02006DE8B4 /* diceClass.swift in Sources */,
				3F6868DC1E2FDC8A001160A3 /* playerClass.swift in Sources */,
			);
			runOnlyForDeploymentPostprocessing = 0;
		};
/* End PBXSourcesBuildPhase section */

/* Begin XCBuildConfiguration section */
		3FC551E21E2D5852009D9F95 /* Debug */ = {
			isa = XCBuildConfiguration;
			buildSettings = {
				ALWAYS_SEARCH_USER_PATHS = NO;
				CLANG_ANALYZER_NONNULL = YES;
				CLANG_CXX_LANGUAGE_STANDARD = "gnu++0x";
				CLANG_CXX_LIBRARY = "libc++";
				CLANG_ENABLE_MODULES = YES;
				CLANG_ENABLE_OBJC_ARC = YES;
				CLANG_WARN_BOOL_CONVERSION = YES;
				CLANG_WARN_CONSTANT_CONVERSION = YES;
				CLANG_WARN_DIRECT_OBJC_ISA_USAGE = YES_ERROR;
				CLANG_WARN_DOCUMENTATION_COMMENTS = YES;
				CLANG_WARN_EMPTY_BODY = YES;
				CLANG_WARN_ENUM_CONVERSION = YES;
				CLANG_WARN_INFINITE_RECURSION = YES;
				CLANG_WARN_INT_CONVERSION = YES;
				CLANG_WARN_OBJC_ROOT_CLASS = YES_ERROR;
				CLANG_WARN_SUSPICIOUS_MOVES = YES;
				CLANG_WARN_UNREACHABLE_CODE = YES;
				CLANG_WARN__DUPLICATE_METHOD_MATCH = YES;
				CODE_SIGN_IDENTITY = "-";
				COPY_PHASE_STRIP = NO;
				DEBUG_INFORMATION_FORMAT = dwarf;
				ENABLE_STRICT_OBJC_MSGSEND = YES;
				ENABLE_TESTABILITY = YES;
				GCC_C_LANGUAGE_STANDARD = gnu99;
				GCC_DYNAMIC_NO_PIC = NO;
				GCC_NO_COMMON_BLOCKS = YES;
				GCC_OPTIMIZATION_LEVEL = 0;
				GCC_PREPROCESSOR_DEFINITIONS = (
					"DEBUG=1",
					"$(inherited)",
				);
				GCC_WARN_64_TO_32_BIT_CONVERSION = YES;
				GCC_WARN_ABOUT_RETURN_TYPE = YES_ERROR;
				GCC_WARN_UNDECLARED_SELECTOR = YES;
				GCC_WARN_UNINITIALIZED_AUTOS = YES_AGGRESSIVE;
				GCC_WARN_UNUSED_FUNCTION = YES;
				GCC_WARN_UNUSED_VARIABLE = YES;
				MACOSX_DEPLOYMENT_TARGET = 10.11;
				MTL_ENABLE_DEBUG_INFO = YES;
				ONLY_ACTIVE_ARCH = YES;
				SDKROOT = macosx;
				SWIFT_OPTIMIZATION_LEVEL = "-Onone";
			};
			name = Debug;
		};
		3FC551E31E2D5852009D9F95 /* Release */ = {
			isa = XCBuildConfiguration;
			buildSettings = {
				ALWAYS_SEARCH_USER_PATHS = NO;
				CLANG_ANALYZER_NONNULL = YES;
				CLANG_CXX_LANGUAGE_STANDARD = "gnu++0x";
				CLANG_CXX_LIBRARY = "libc++";
				CLANG_ENABLE_MODULES = YES;
				CLANG_ENABLE_OBJC_ARC = YES;
				CLANG_WARN_BOOL_CONVERSION = YES;
				CLANG_WARN_CONSTANT_CONVERSION = YES;
				CLANG_WARN_DIRECT_OBJC_ISA_USAGE = YES_ERROR;
				CLANG_WARN_DOCUMENTATION_COMMENTS = YES;
				CLANG_WARN_EMPTY_BODY = YES;
				CLANG_WARN_ENUM_CONVERSION = YES;
				CLANG_WARN_INFINITE_RECURSION = YES;
				CLANG_WARN_INT_CONVERSION = YES;
				CLANG_WARN_OBJC_ROOT_CLASS = YES_ERROR;
				CLANG_WARN_SUSPICIOUS_MOVES = YES;
				CLANG_WARN_UNREACHABLE_CODE = YES;
				CLANG_WARN__DUPLICATE_METHOD_MATCH = YES;
				CODE_SIGN_IDENTITY = "-";
				COPY_PHASE_STRIP = NO;
				DEBUG_INFORMATION_FORMAT = "dwarf-with-dsym";
				ENABLE_NS_ASSERTIONS = NO;
				ENABLE_STRICT_OBJC_MSGSEND = YES;
				GCC_C_LANGUAGE_STANDARD = gnu99;
				GCC_NO_COMMON_BLOCKS = YES;
				GCC_WARN_64_TO_32_BIT_CONVERSION = YES;
				GCC_WARN_ABOUT_RETURN_TYPE = YES_ERROR;
				GCC_WARN_UNDECLARED_SELECTOR = YES;
				GCC_WARN_UNINITIALIZED_AUTOS = YES_AGGRESSIVE;
				GCC_WARN_UNUSED_FUNCTION = YES;
				GCC_WARN_UNUSED_VARIABLE = YES;
				MACOSX_DEPLOYMENT_TARGET = 10.11;
				MTL_ENABLE_DEBUG_INFO = NO;
				SDKROOT = macosx;
			};
			name = Release;
		};
		3FC551E51E2D5852009D9F95 /* Debug */ = {
			isa = XCBuildConfiguration;
			buildSettings = {
				PRODUCT_NAME = "$(TARGET_NAME)";
				SWIFT_VERSION = 3.0;
			};
			name = Debug;
		};
		3FC551E61E2D5852009D9F95 /* Release */ = {
			isa = XCBuildConfiguration;
			buildSettings = {
				PRODUCT_NAME = "$(TARGET_NAME)";
				SWIFT_VERSION = 3.0;
			};
			name = Release;
		};
/* End XCBuildConfiguration section */

/* Begin XCConfigurationList section */
		3FC551D81E2D584F009D9F95 /* Build configuration list for PBXProject "DiceGame" */ = {
			isa = XCConfigurationList;
			buildConfigurations = (
				3FC551E21E2D5852009D9F95 /* Debug */,
				3FC551E31E2D5852009D9F95 /* Release */,
			);
			defaultConfigurationIsVisible = 0;
			defaultConfigurationName = Release;
		};
		3FC551E41E2D5852009D9F95 /* Build configuration list for PBXNativeTarget "DiceGame" */ = {
			isa = XCConfigurationList;
			buildConfigurations = (
				3FC551E51E2D5852009D9F95 /* Debug */,
				3FC551E61E2D5852009D9F95 /* Release */,
			);
			defaultConfigurationIsVisible = 0;
			defaultConfigurationName = Release;
		};
/* End XCConfigurationList section */
	};
	rootObject = 3FC551D51E2D584F009D9F95 /* Project object */;
}
